// !$*UTF8*$!
{
	archiveVersion = 1;
	classes = {
	};
	objectVersion = 55;
	objects = {

/* Begin PBXBuildFile section */
		961DB36C28062C2C00A0CE0E /* AppDelegate.swift in Sources */ = {isa = PBXBuildFile; fileRef = 961DB36B28062C2C00A0CE0E /* AppDelegate.swift */; };
		961DB37028062C2C00A0CE0E /* LoginViewController.swift in Sources */ = {isa = PBXBuildFile; fileRef = 961DB36F28062C2C00A0CE0E /* LoginViewController.swift */; };
		961DB37528062C2F00A0CE0E /* Assets.xcassets in Resources */ = {isa = PBXBuildFile; fileRef = 961DB37428062C2F00A0CE0E /* Assets.xcassets */; };
		961DB37828062C2F00A0CE0E /* LaunchScreen.storyboard in Resources */ = {isa = PBXBuildFile; fileRef = 961DB37628062C2F00A0CE0E /* LaunchScreen.storyboard */; };
		961DB38228062F6600A0CE0E /* LoginView.swift in Sources */ = {isa = PBXBuildFile; fileRef = 961DB38128062F6600A0CE0E /* LoginView.swift */; };
		96251032280795A800271136 /* OnboardingContainerViewController.swift in Sources */ = {isa = PBXBuildFile; fileRef = 96251031280795A800271136 /* OnboardingContainerViewController.swift */; };
		9625103428079B4F00271136 /* OnboardingViewController.swift in Sources */ = {isa = PBXBuildFile; fileRef = 9625103328079B4F00271136 /* OnboardingViewController.swift */; };
		9695656B280B96DA0097ED7F /* DummyViewController.swift in Sources */ = {isa = PBXBuildFile; fileRef = 9695656A280B96DA0097ED7F /* DummyViewController.swift */; };
		9695656E280B9AC30097ED7F /* LocalState.swift in Sources */ = {isa = PBXBuildFile; fileRef = 9695656D280B9AC30097ED7F /* LocalState.swift */; };
/* End PBXBuildFile section */

/* Begin PBXFileReference section */
		961DB36828062C2C00A0CE0E /* Bankiii.app */ = {isa = PBXFileReference; explicitFileType = wrapper.application; includeInIndex = 0; path = Bankiii.app; sourceTree = BUILT_PRODUCTS_DIR; };
		961DB36B28062C2C00A0CE0E /* AppDelegate.swift */ = {isa = PBXFileReference; lastKnownFileType = sourcecode.swift; path = AppDelegate.swift; sourceTree = "<group>"; };
		961DB36F28062C2C00A0CE0E /* LoginViewController.swift */ = {isa = PBXFileReference; lastKnownFileType = sourcecode.swift; path = LoginViewController.swift; sourceTree = "<group>"; };
		961DB37428062C2F00A0CE0E /* Assets.xcassets */ = {isa = PBXFileReference; lastKnownFileType = folder.assetcatalog; path = Assets.xcassets; sourceTree = "<group>"; };
		961DB37728062C2F00A0CE0E /* Base */ = {isa = PBXFileReference; lastKnownFileType = file.storyboard; name = Base; path = Base.lproj/LaunchScreen.storyboard; sourceTree = "<group>"; };
		961DB37928062C2F00A0CE0E /* Info.plist */ = {isa = PBXFileReference; lastKnownFileType = text.plist.xml; path = Info.plist; sourceTree = "<group>"; };
		961DB38128062F6600A0CE0E /* LoginView.swift */ = {isa = PBXFileReference; lastKnownFileType = sourcecode.swift; path = LoginView.swift; sourceTree = "<group>"; };
		96251031280795A800271136 /* OnboardingContainerViewController.swift */ = {isa = PBXFileReference; lastKnownFileType = sourcecode.swift; path = OnboardingContainerViewController.swift; sourceTree = "<group>"; };
		9625103328079B4F00271136 /* OnboardingViewController.swift */ = {isa = PBXFileReference; lastKnownFileType = sourcecode.swift; path = OnboardingViewController.swift; sourceTree = "<group>"; };
		9695656A280B96DA0097ED7F /* DummyViewController.swift */ = {isa = PBXFileReference; lastKnownFileType = sourcecode.swift; path = DummyViewController.swift; sourceTree = "<group>"; };
		9695656D280B9AC30097ED7F /* LocalState.swift */ = {isa = PBXFileReference; lastKnownFileType = sourcecode.swift; path = LocalState.swift; sourceTree = "<group>"; };
/* End PBXFileReference section */

/* Begin PBXFrameworksBuildPhase section */
		961DB36528062C2C00A0CE0E /* Frameworks */ = {
			isa = PBXFrameworksBuildPhase;
			buildActionMask = 2147483647;
			files = (
			);
			runOnlyForDeploymentPostprocessing = 0;
		};
/* End PBXFrameworksBuildPhase section */

/* Begin PBXGroup section */
		961DB35F28062C2C00A0CE0E = {
			isa = PBXGroup;
			children = (
				961DB36A28062C2C00A0CE0E /* Bankiii */,
				961DB36928062C2C00A0CE0E /* Products */,
			);
			sourceTree = "<group>";
		};
		961DB36928062C2C00A0CE0E /* Products */ = {
			isa = PBXGroup;
			children = (
				961DB36828062C2C00A0CE0E /* Bankiii.app */,
			);
			name = Products;
			sourceTree = "<group>";
		};
		961DB36A28062C2C00A0CE0E /* Bankiii */ = {
			isa = PBXGroup;
			children = (
				9695656C280B9A9B0097ED7F /* Utils */,
				962510302807955000271136 /* Onboarding */,
				961DB38028062F1300A0CE0E /* Login */,
				961DB37F28062EF300A0CE0E /* files */,
				961DB36B28062C2C00A0CE0E /* AppDelegate.swift */,
			);
			path = Bankiii;
			sourceTree = "<group>";
		};
		961DB37F28062EF300A0CE0E /* files */ = {
			isa = PBXGroup;
			children = (
				961DB37428062C2F00A0CE0E /* Assets.xcassets */,
				961DB37628062C2F00A0CE0E /* LaunchScreen.storyboard */,
				961DB37928062C2F00A0CE0E /* Info.plist */,
			);
			name = files;
			sourceTree = "<group>";
		};
		961DB38028062F1300A0CE0E /* Login */ = {
			isa = PBXGroup;
			children = (
				961DB36F28062C2C00A0CE0E /* LoginViewController.swift */,
				961DB38128062F6600A0CE0E /* LoginView.swift */,
				9695656A280B96DA0097ED7F /* DummyViewController.swift */,
			);
			path = Login;
			sourceTree = "<group>";
		};
		962510302807955000271136 /* Onboarding */ = {
			isa = PBXGroup;
			children = (
				96251031280795A800271136 /* OnboardingContainerViewController.swift */,
				9625103328079B4F00271136 /* OnboardingViewController.swift */,
			);
			path = Onboarding;
			sourceTree = "<group>";
		};
		9695656C280B9A9B0097ED7F /* Utils */ = {
			isa = PBXGroup;
			children = (
				9695656D280B9AC30097ED7F /* LocalState.swift */,
			);
			path = Utils;
			sourceTree = "<group>";
		};
/* End PBXGroup section */

/* Begin PBXNativeTarget section */
		961DB36728062C2C00A0CE0E /* Bankiii */ = {
			isa = PBXNativeTarget;
			buildConfigurationList = 961DB37C28062C2F00A0CE0E /* Build configuration list for PBXNativeTarget "Bankiii" */;
			buildPhases = (
				961DB36428062C2C00A0CE0E /* Sources */,
				961DB36528062C2C00A0CE0E /* Frameworks */,
				961DB36628062C2C00A0CE0E /* Resources */,
			);
			buildRules = (
			);
			dependencies = (
			);
			name = Bankiii;
			productName = Bankiii;
			productReference = 961DB36828062C2C00A0CE0E /* Bankiii.app */;
			productType = "com.apple.product-type.application";
		};
/* End PBXNativeTarget section */

/* Begin PBXProject section */
		961DB36028062C2C00A0CE0E /* Project object */ = {
			isa = PBXProject;
			attributes = {
				BuildIndependentTargetsInParallel = 1;
				LastSwiftUpdateCheck = 1320;
				LastUpgradeCheck = 1320;
				TargetAttributes = {
					961DB36728062C2C00A0CE0E = {
						CreatedOnToolsVersion = 13.2.1;
					};
				};
			};
			buildConfigurationList = 961DB36328062C2C00A0CE0E /* Build configuration list for PBXProject "Bankiii" */;
			compatibilityVersion = "Xcode 13.0";
			developmentRegion = en;
			hasScannedForEncodings = 0;
			knownRegions = (
				en,
				Base,
			);
			mainGroup = 961DB35F28062C2C00A0CE0E;
			productRefGroup = 961DB36928062C2C00A0CE0E /* Products */;
			projectDirPath = "";
			projectRoot = "";
			targets = (
				961DB36728062C2C00A0CE0E /* Bankiii */,
			);
		};
/* End PBXProject section */

/* Begin PBXResourcesBuildPhase section */
		961DB36628062C2C00A0CE0E /* Resources */ = {
			isa = PBXResourcesBuildPhase;
			buildActionMask = 2147483647;
			files = (
				961DB37828062C2F00A0CE0E /* LaunchScreen.storyboard in Resources */,
				961DB37528062C2F00A0CE0E /* Assets.xcassets in Resources */,
			);
			runOnlyForDeploymentPostprocessing = 0;
		};
/* End PBXResourcesBuildPhase section */

/* Begin PBXSourcesBuildPhase section */
		961DB36428062C2C00A0CE0E /* Sources */ = {
			isa = PBXSourcesBuildPhase;
			buildActionMask = 2147483647;
			files = (
				961DB38228062F6600A0CE0E /* LoginView.swift in Sources */,
				9695656E280B9AC30097ED7F /* LocalState.swift in Sources */,
				9695656B280B96DA0097ED7F /* DummyViewController.swift in Sources */,
				961DB37028062C2C00A0CE0E /* LoginViewController.swift in Sources */,
				9625103428079B4F00271136 /* OnboardingViewController.swift in Sources */,
				961DB36C28062C2C00A0CE0E /* AppDelegate.swift in Sources */,
				96251032280795A800271136 /* OnboardingContainerViewController.swift in Sources */,
			);
			runOnlyForDeploymentPostprocessing = 0;
		};
/* End PBXSourcesBuildPhase section */

/* Begin PBXVariantGroup section */
		961DB37628062C2F00A0CE0E /* LaunchScreen.storyboard */ = {
			isa = PBXVariantGroup;
			children = (
				961DB37728062C2F00A0CE0E /* Base */,
			);
			name = LaunchScreen.storyboard;
			sourceTree = "<group>";
		};
/* End PBXVariantGroup section */

/* Begin XCBuildConfiguration section */
		961DB37A28062C2F00A0CE0E /* Debug */ = {
			isa = XCBuildConfiguration;
			buildSettings = {
				ALWAYS_SEARCH_USER_PATHS = NO;
				CLANG_ANALYZER_NONNULL = YES;
				CLANG_ANALYZER_NUMBER_OBJECT_CONVERSION = YES_AGGRESSIVE;
				CLANG_CXX_LANGUAGE_STANDARD = "gnu++17";
				CLANG_CXX_LIBRARY = "libc++";
				CLANG_ENABLE_MODULES = YES;
				CLANG_ENABLE_OBJC_ARC = YES;
				CLANG_ENABLE_OBJC_WEAK = YES;
				CLANG_WARN_BLOCK_CAPTURE_AUTORELEASING = YES;
				CLANG_WARN_BOOL_CONVERSION = YES;
				CLANG_WARN_COMMA = YES;
				CLANG_WARN_CONSTANT_CONVERSION = YES;
				CLANG_WARN_DEPRECATED_OBJC_IMPLEMENTATIONS = YES;
				CLANG_WARN_DIRECT_OBJC_ISA_USAGE = YES_ERROR;
				CLANG_WARN_DOCUMENTATION_COMMENTS = YES;
				CLANG_WARN_EMPTY_BODY = YES;
				CLANG_WARN_ENUM_CONVERSION = YES;
				CLANG_WARN_INFINITE_RECURSION = YES;
				CLANG_WARN_INT_CONVERSION = YES;
				CLANG_WARN_NON_LITERAL_NULL_CONVERSION = YES;
				CLANG_WARN_OBJC_IMPLICIT_RETAIN_SELF = YES;
				CLANG_WARN_OBJC_LITERAL_CONVERSION = YES;
				CLANG_WARN_OBJC_ROOT_CLASS = YES_ERROR;
				CLANG_WARN_QUOTED_INCLUDE_IN_FRAMEWORK_HEADER = YES;
				CLANG_WARN_RANGE_LOOP_ANALYSIS = YES;
				CLANG_WARN_STRICT_PROTOTYPES = YES;
				CLANG_WARN_SUSPICIOUS_MOVE = YES;
				CLANG_WARN_UNGUARDED_AVAILABILITY = YES_AGGRESSIVE;
				CLANG_WARN_UNREACHABLE_CODE = YES;
				CLANG_WARN__DUPLICATE_METHOD_MATCH = YES;
				COPY_PHASE_STRIP = NO;
				DEBUG_INFORMATION_FORMAT = dwarf;
				ENABLE_STRICT_OBJC_MSGSEND = YES;
				ENABLE_TESTABILITY = YES;
				GCC_C_LANGUAGE_STANDARD = gnu11;
				GCC_DYNAMIC_NO_PIC = NO;
				GCC_NO_COMMON_BLOCKS = YES;
				GCC_OPTIMIZATION_LEVEL = 0;
				GCC_PREPROCESSOR_DEFINITIONS = (
					"DEBUG=1",
					"$(inherited)",
				);
				GCC_WARN_64_TO_32_BIT_CONVERSION = YES;
				GCC_WARN_ABOUT_RETURN_TYPE = YES_ERROR;
				GCC_WARN_UNDECLARED_SELECTOR = YES;
				GCC_WARN_UNINITIALIZED_AUTOS = YES_AGGRESSIVE;
				GCC_WARN_UNUSED_FUNCTION = YES;
				GCC_WARN_UNUSED_VARIABLE = YES;
				IPHONEOS_DEPLOYMENT_TARGET = 15.2;
				MTL_ENABLE_DEBUG_INFO = INCLUDE_SOURCE;
				MTL_FAST_MATH = YES;
				ONLY_ACTIVE_ARCH = YES;
				SDKROOT = iphoneos;
				SWIFT_ACTIVE_COMPILATION_CONDITIONS = DEBUG;
				SWIFT_OPTIMIZATION_LEVEL = "-Onone";
			};
			name = Debug;
		};
		961DB37B28062C2F00A0CE0E /* Release */ = {
			isa = XCBuildConfiguration;
			buildSettings = {
				ALWAYS_SEARCH_USER_PATHS = NO;
				CLANG_ANALYZER_NONNULL = YES;
				CLANG_ANALYZER_NUMBER_OBJECT_CONVERSION = YES_AGGRESSIVE;
				CLANG_CXX_LANGUAGE_STANDARD = "gnu++17";
				CLANG_CXX_LIBRARY = "libc++";
				CLANG_ENABLE_MODULES = YES;
				CLANG_ENABLE_OBJC_ARC = YES;
				CLANG_ENABLE_OBJC_WEAK = YES;
				CLANG_WARN_BLOCK_CAPTURE_AUTORELEASING = YES;
				CLANG_WARN_BOOL_CONVERSION = YES;
				CLANG_WARN_COMMA = YES;
				CLANG_WARN_CONSTANT_CONVERSION = YES;
				CLANG_WARN_DEPRECATED_OBJC_IMPLEMENTATIONS = YES;
				CLANG_WARN_DIRECT_OBJC_ISA_USAGE = YES_ERROR;
				CLANG_WARN_DOCUMENTATION_COMMENTS = YES;
				CLANG_WARN_EMPTY_BODY = YES;
				CLANG_WARN_ENUM_CONVERSION = YES;
				CLANG_WARN_INFINITE_RECURSION = YES;
				CLANG_WARN_INT_CONVERSION = YES;
				CLANG_WARN_NON_LITERAL_NULL_CONVERSION = YES;
				CLANG_WARN_OBJC_IMPLICIT_RETAIN_SELF = YES;
				CLANG_WARN_OBJC_LITERAL_CONVERSION = YES;
				CLANG_WARN_OBJC_ROOT_CLASS = YES_ERROR;
				CLANG_WARN_QUOTED_INCLUDE_IN_FRAMEWORK_HEADER = YES;
				CLANG_WARN_RANGE_LOOP_ANALYSIS = YES;
				CLANG_WARN_STRICT_PROTOTYPES = YES;
				CLANG_WARN_SUSPICIOUS_MOVE = YES;
				CLANG_WARN_UNGUARDED_AVAILABILITY = YES_AGGRESSIVE;
				CLANG_WARN_UNREACHABLE_CODE = YES;
				CLANG_WARN__DUPLICATE_METHOD_MATCH = YES;
				COPY_PHASE_STRIP = NO;
				DEBUG_INFORMATION_FORMAT = "dwarf-with-dsym";
				ENABLE_NS_ASSERTIONS = NO;
				ENABLE_STRICT_OBJC_MSGSEND = YES;
				GCC_C_LANGUAGE_STANDARD = gnu11;
				GCC_NO_COMMON_BLOCKS = YES;
				GCC_WARN_64_TO_32_BIT_CONVERSION = YES;
				GCC_WARN_ABOUT_RETURN_TYPE = YES_ERROR;
				GCC_WARN_UNDECLARED_SELECTOR = YES;
				GCC_WARN_UNINITIALIZED_AUTOS = YES_AGGRESSIVE;
				GCC_WARN_UNUSED_FUNCTION = YES;
				GCC_WARN_UNUSED_VARIABLE = YES;
				IPHONEOS_DEPLOYMENT_TARGET = 15.2;
				MTL_ENABLE_DEBUG_INFO = NO;
				MTL_FAST_MATH = YES;
				SDKROOT = iphoneos;
				SWIFT_COMPILATION_MODE = wholemodule;
				SWIFT_OPTIMIZATION_LEVEL = "-O";
				VALIDATE_PRODUCT = YES;
			};
			name = Release;
		};
		961DB37D28062C2F00A0CE0E /* Debug */ = {
			isa = XCBuildConfiguration;
			buildSettings = {
				ASSETCATALOG_COMPILER_APPICON_NAME = AppIcon;
				ASSETCATALOG_COMPILER_GLOBAL_ACCENT_COLOR_NAME = AccentColor;
				CODE_SIGN_STYLE = Automatic;
				CURRENT_PROJECT_VERSION = 1;
				DEVELOPMENT_TEAM = 22956446LQ;
				GENERATE_INFOPLIST_FILE = YES;
				INFOPLIST_FILE = Bankiii/Info.plist;
				INFOPLIST_KEY_UIApplicationSupportsIndirectInputEvents = YES;
				INFOPLIST_KEY_UILaunchStoryboardName = LaunchScreen;
				INFOPLIST_KEY_UISupportedInterfaceOrientations_iPad = "UIInterfaceOrientationPortrait UIInterfaceOrientationPortraitUpsideDown UIInterfaceOrientationLandscapeLeft UIInterfaceOrientationLandscapeRight";
				INFOPLIST_KEY_UISupportedInterfaceOrientations_iPhone = "UIInterfaceOrientationPortrait UIInterfaceOrientationLandscapeLeft UIInterfaceOrientationLandscapeRight";
				LD_RUNPATH_SEARCH_PATHS = (
					"$(inherited)",
					"@executable_path/Frameworks",
				);
				MARKETING_VERSION = 1.0;
				PRODUCT_BUNDLE_IDENTIFIER = yohelzarco.appuniversity.Bankiii;
				PRODUCT_NAME = "$(TARGET_NAME)";
				SWIFT_EMIT_LOC_STRINGS = YES;
				SWIFT_VERSION = 5.0;
				TARGETED_DEVICE_FAMILY = 1;
			};
			name = Debug;
		};
		961DB37E28062C2F00A0CE0E /* Release */ = {
			isa = XCBuildConfiguration;
			buildSettings = {
				ASSETCATALOG_COMPILER_APPICON_NAME = AppIcon;
				ASSETCATALOG_COMPILER_GLOBAL_ACCENT_COLOR_NAME = AccentColor;
				CODE_SIGN_STYLE = Automatic;
				CURRENT_PROJECT_VERSION = 1;
				DEVELOPMENT_TEAM = 22956446LQ;
				GENERATE_INFOPLIST_FILE = YES;
				INFOPLIST_FILE = Bankiii/Info.plist;
				INFOPLIST_KEY_UIApplicationSupportsIndirectInputEvents = YES;
				INFOPLIST_KEY_UILaunchStoryboardName = LaunchScreen;
				INFOPLIST_KEY_UISupportedInterfaceOrientations_iPad = "UIInterfaceOrientationPortrait UIInterfaceOrientationPortraitUpsideDown UIInterfaceOrientationLandscapeLeft UIInterfaceOrientationLandscapeRight";
				INFOPLIST_KEY_UISupportedInterfaceOrientations_iPhone = "UIInterfaceOrientationPortrait UIInterfaceOrientationLandscapeLeft UIInterfaceOrientationLandscapeRight";
				LD_RUNPATH_SEARCH_PATHS = (
					"$(inherited)",
					"@executable_path/Frameworks",
				);
				MARKETING_VERSION = 1.0;
				PRODUCT_BUNDLE_IDENTIFIER = yohelzarco.appuniversity.Bankiii;
				PRODUCT_NAME = "$(TARGET_NAME)";
				SWIFT_EMIT_LOC_STRINGS = YES;
				SWIFT_VERSION = 5.0;
				TARGETED_DEVICE_FAMILY = 1;
			};
			name = Release;
		};
/* End XCBuildConfiguration section */

/* Begin XCConfigurationList section */
		961DB36328062C2C00A0CE0E /* Build configuration list for PBXProject "Bankiii" */ = {
			isa = XCConfigurationList;
			buildConfigurations = (
				961DB37A28062C2F00A0CE0E /* Debug */,
				961DB37B28062C2F00A0CE0E /* Release */,
			);
			defaultConfigurationIsVisible = 0;
			defaultConfigurationName = Release;
		};
		961DB37C28062C2F00A0CE0E /* Build configuration list for PBXNativeTarget "Bankiii" */ = {
			isa = XCConfigurationList;
			buildConfigurations = (
				961DB37D28062C2F00A0CE0E /* Debug */,
				961DB37E28062C2F00A0CE0E /* Release */,
			);
			defaultConfigurationIsVisible = 0;
			defaultConfigurationName = Release;
		};
/* End XCConfigurationList section */
	};
	rootObject = 961DB36028062C2C00A0CE0E /* Project object */;
}
